
Microsoft Visual Studio Solution File, Format Version 12.00
# Visual Studio Version 17
VisualStudioVersion = 17.7.34202.233
MinimumVisualStudioVersion = 10.0.40219.1
Project("{FAE04EC0-301F-11D3-BF4B-00C04F79EFBC}") = "ThisIsAgataKristiDude", "ThisIsAgataKristiDude\ThisIsAgataKristiDude.csproj", "{FBCED687-051F-461C-A006-3F1EDBC02FDC}"
EndProject
Global
	GlobalSection(SolutionConfigurationPlatforms) = preSolution
		Debug|Any CPU = Debug|Any CPU
		Release|Any CPU = Release|Any CPU
	EndGlobalSection
	GlobalSection(ProjectConfigurationPlatforms) = postSolution
		{FBCED687-051F-461C-A006-3F1EDBC02FDC}.Debug|Any CPU.ActiveCfg = Debug|Any CPU
		{FBCED687-051F-461C-A006-3F1EDBC02FDC}.Debug|Any CPU.Build.0 = Debug|Any CPU
		{FBCED687-051F-461C-A006-3F1EDBC02FDC}.Release|Any CPU.ActiveCfg = Release|Any CPU
		{FBCED687-051F-461C-A006-3F1EDBC02FDC}.Release|Any CPU.Build.0 = Release|Any CPU
	EndGlobalSection
	GlobalSection(SolutionProperties) = preSolution
		HideSolutionNode = FALSE
	EndGlobalSection
	GlobalSection(ExtensibilityGlobals) = postSolution
		SolutionGuid = {C638B9C9-C18B-404C-9A0D-B861144649BD}
	EndGlobalSection
EndGlobal
